
Microsoft Visual Studio Solution File, Format Version 12.00
# Visual Studio Version 16
VisualStudioVersion = 16.0.29920.165
MinimumVisualStudioVersion = 10.0.40219.1
Project("{FAE04EC0-301F-11D3-BF4B-00C04F79EFBC}") = "SNAKEEE", "SNAKEEE\SNAKEEE.csproj", "{A527D41B-3D97-4C14-A3CC-16687191B493}"
EndProject
Global
	GlobalSection(SolutionConfigurationPlatforms) = preSolution
		Debug|Any CPU = Debug|Any CPU
		Release|Any CPU = Release|Any CPU
	EndGlobalSection
	GlobalSection(ProjectConfigurationPlatforms) = postSolution
		{A527D41B-3D97-4C14-A3CC-16687191B493}.Debug|Any CPU.ActiveCfg = Debug|Any CPU
		{A527D41B-3D97-4C14-A3CC-16687191B493}.Debug|Any CPU.Build.0 = Debug|Any CPU
		{A527D41B-3D97-4C14-A3CC-16687191B493}.Release|Any CPU.ActiveCfg = Release|Any CPU
		{A527D41B-3D97-4C14-A3CC-16687191B493}.Release|Any CPU.Build.0 = Release|Any CPU
	EndGlobalSection
	GlobalSection(SolutionProperties) = preSolution
		HideSolutionNode = FALSE
	EndGlobalSection
	GlobalSection(ExtensibilityGlobals) = postSolution
		SolutionGuid = {7BE326D7-D419-4632-BBB9-D3989D97D8FB}
	EndGlobalSection
EndGlobal
